
Microsoft Visual Studio Solution File, Format Version 12.00
# Visual Studio 15
Project("{FAE04EC0-301F-11D3-BF4B-00C04F79EFBC}") = "Assembly-CSharp", "Assembly-CSharp.csproj", "{8AF48C5C-E525-87B0-EF0B-B06239707DA6}"
EndProject
Project("{FAE04EC0-301F-11D3-BF4B-00C04F79EFBC}") = "Assembly-CSharp-Editor", "Assembly-CSharp-Editor.csproj", "{04FBDF7A-1FDD-223C-70F9-44CC6420E8C4}"
EndProject
Global
	GlobalSection(SolutionConfigurationPlatforms) = preSolution
		Debug|Any CPU = Debug|Any CPU
		Release|Any CPU = Release|Any CPU
	EndGlobalSection
	GlobalSection(ProjectConfigurationPlatforms) = postSolution
		{8AF48C5C-E525-87B0-EF0B-B06239707DA6}.Debug|Any CPU.ActiveCfg = Debug|Any CPU
		{8AF48C5C-E525-87B0-EF0B-B06239707DA6}.Debug|Any CPU.Build.0 = Debug|Any CPU
		{8AF48C5C-E525-87B0-EF0B-B06239707DA6}.Release|Any CPU.ActiveCfg = Release|Any CPU
		{8AF48C5C-E525-87B0-EF0B-B06239707DA6}.Release|Any CPU.Build.0 = Release|Any CPU
		{04FBDF7A-1FDD-223C-70F9-44CC6420E8C4}.Debug|Any CPU.ActiveCfg = Debug|Any CPU
		{04FBDF7A-1FDD-223C-70F9-44CC6420E8C4}.Debug|Any CPU.Build.0 = Debug|Any CPU
		{04FBDF7A-1FDD-223C-70F9-44CC6420E8C4}.Release|Any CPU.ActiveCfg = Release|Any CPU
		{04FBDF7A-1FDD-223C-70F9-44CC6420E8C4}.Release|Any CPU.Build.0 = Release|Any CPU
	EndGlobalSection
	GlobalSection(SolutionProperties) = preSolution
		HideSolutionNode = FALSE
	EndGlobalSection
EndGlobal
